
Microsoft Visual Studio Solution File, Format Version 12.00
# Visual Studio Version 16
VisualStudioVersion = 16.0.30804.86
MinimumVisualStudioVersion = 10.0.40219.1
Project("{FAE04EC0-301F-11D3-BF4B-00C04F79EFBC}") = "API ReustorantApp", "API ReustorantApp\API ReustorantApp.csproj", "{9B9C822D-CB2A-4D2B-9887-61A5298925DF}"
EndProject
Global
	GlobalSection(SolutionConfigurationPlatforms) = preSolution
		Debug|Any CPU = Debug|Any CPU
		Release|Any CPU = Release|Any CPU
	EndGlobalSection
	GlobalSection(ProjectConfigurationPlatforms) = postSolution
		{9B9C822D-CB2A-4D2B-9887-61A5298925DF}.Debug|Any CPU.ActiveCfg = Debug|Any CPU
		{9B9C822D-CB2A-4D2B-9887-61A5298925DF}.Debug|Any CPU.Build.0 = Debug|Any CPU
		{9B9C822D-CB2A-4D2B-9887-61A5298925DF}.Release|Any CPU.ActiveCfg = Release|Any CPU
		{9B9C822D-CB2A-4D2B-9887-61A5298925DF}.Release|Any CPU.Build.0 = Release|Any CPU
	EndGlobalSection
	GlobalSection(SolutionProperties) = preSolution
		HideSolutionNode = FALSE
	EndGlobalSection
	GlobalSection(ExtensibilityGlobals) = postSolution
		SolutionGuid = {2C77F3AE-6AEA-4458-BAB7-53D12621DA0C}
	EndGlobalSection
EndGlobal
